// !$*UTF8*$!
{
	archiveVersion = 1;
	classes = {
	};
	objectVersion = 46;
	objects = {

/* Begin PBXBuildFile section */
		B3330BC617007B5C00918F47 /* icon-57.png in Resources */ = {isa = PBXBuildFile; fileRef = B3330BC517007B5C00918F47 /* icon-57.png */; };
		B3330BC817007B6700918F47 /* icon-114.png in Resources */ = {isa = PBXBuildFile; fileRef = B3330BC717007B6700918F47 /* icon-114.png */; };
		B3C3AE3D16F88A000046170D /* UIKit.framework in Frameworks */ = {isa = PBXBuildFile; fileRef = B3C3AE3C16F88A000046170D /* UIKit.framework */; };
		B3C3AE3F16F88A000046170D /* Foundation.framework in Frameworks */ = {isa = PBXBuildFile; fileRef = B3C3AE3E16F88A000046170D /* Foundation.framework */; };
		B3C3AE4116F88A000046170D /* CoreGraphics.framework in Frameworks */ = {isa = PBXBuildFile; fileRef = B3C3AE4016F88A000046170D /* CoreGraphics.framework */; };
		B3C3AE4716F88A000046170D /* InfoPlist.strings in Resources */ = {isa = PBXBuildFile; fileRef = B3C3AE4516F88A000046170D /* InfoPlist.strings */; };
		B3C3AE4916F88A000046170D /* main.m in Sources */ = {isa = PBXBuildFile; fileRef = B3C3AE4816F88A000046170D /* main.m */; };
		B3C3AE4D16F88A000046170D /* AppDelegate.m in Sources */ = {isa = PBXBuildFile; fileRef = B3C3AE4C16F88A000046170D /* AppDelegate.m */; };
		B3C3AE4F16F88A000046170D /* Default.png in Resources */ = {isa = PBXBuildFile; fileRef = B3C3AE4E16F88A000046170D /* Default.png */; };
		B3C3AE5116F88A000046170D /* Default@2x.png in Resources */ = {isa = PBXBuildFile; fileRef = B3C3AE5016F88A000046170D /* Default@2x.png */; };
		B3C3AE5316F88A000046170D /* Default-568h@2x.png in Resources */ = {isa = PBXBuildFile; fileRef = B3C3AE5216F88A000046170D /* Default-568h@2x.png */; };
		B3C3AE5616F88A000046170D /* ViewController.m in Sources */ = {isa = PBXBuildFile; fileRef = B3C3AE5516F88A000046170D /* ViewController.m */; };
		B3C3AE5916F88A000046170D /* ViewController.xib in Resources */ = {isa = PBXBuildFile; fileRef = B3C3AE5716F88A000046170D /* ViewController.xib */; };
/* End PBXBuildFile section */

/* Begin PBXFileReference section */
		B3330BC517007B5C00918F47 /* icon-57.png */ = {isa = PBXFileReference; lastKnownFileType = image.png; path = "icon-57.png"; sourceTree = "<group>"; };
		B3330BC717007B6700918F47 /* icon-114.png */ = {isa = PBXFileReference; lastKnownFileType = image.png; path = "icon-114.png"; sourceTree = "<group>"; };
		B3C3AE3916F88A000046170D /* PushTest.app */ = {isa = PBXFileReference; explicitFileType = wrapper.application; includeInIndex = 0; path = PushTest.app; sourceTree = BUILT_PRODUCTS_DIR; };
		B3C3AE3C16F88A000046170D /* UIKit.framework */ = {isa = PBXFileReference; lastKnownFileType = wrapper.framework; name = UIKit.framework; path = System/Library/Frameworks/UIKit.framework; sourceTree = SDKROOT; };
		B3C3AE3E16F88A000046170D /* Foundation.framework */ = {isa = PBXFileReference; lastKnownFileType = wrapper.framework; name = Foundation.framework; path = System/Library/Frameworks/Foundation.framework; sourceTree = SDKROOT; };
		B3C3AE4016F88A000046170D /* CoreGraphics.framework */ = {isa = PBXFileReference; lastKnownFileType = wrapper.framework; name = CoreGraphics.framework; path = System/Library/Frameworks/CoreGraphics.framework; sourceTree = SDKROOT; };
		B3C3AE4416F88A000046170D /* PushTest-Info.plist */ = {isa = PBXFileReference; lastKnownFileType = text.plist.xml; path = "PushTest-Info.plist"; sourceTree = "<group>"; };
		B3C3AE4616F88A000046170D /* en */ = {isa = PBXFileReference; lastKnownFileType = text.plist.strings; name = en; path = en.lproj/InfoPlist.strings; sourceTree = "<group>"; };
		B3C3AE4816F88A000046170D /* main.m */ = {isa = PBXFileReference; lastKnownFileType = sourcecode.c.objc; path = main.m; sourceTree = "<group>"; };
		B3C3AE4A16F88A000046170D /* PushTest-Prefix.pch */ = {isa = PBXFileReference; lastKnownFileType = sourcecode.c.h; path = "PushTest-Prefix.pch"; sourceTree = "<group>"; };
		B3C3AE4B16F88A000046170D /* AppDelegate.h */ = {isa = PBXFileReference; lastKnownFileType = sourcecode.c.h; path = AppDelegate.h; sourceTree = "<group>"; };
		B3C3AE4C16F88A000046170D /* AppDelegate.m */ = {isa = PBXFileReference; lastKnownFileType = sourcecode.c.objc; path = AppDelegate.m; sourceTree = "<group>"; };
		B3C3AE4E16F88A000046170D /* Default.png */ = {isa = PBXFileReference; lastKnownFileType = image.png; path = Default.png; sourceTree = "<group>"; };
		B3C3AE5016F88A000046170D /* Default@2x.png */ = {isa = PBXFileReference; lastKnownFileType = image.png; path = "Default@2x.png"; sourceTree = "<group>"; };
		B3C3AE5216F88A000046170D /* Default-568h@2x.png */ = {isa = PBXFileReference; lastKnownFileType = image.png; path = "Default-568h@2x.png"; sourceTree = "<group>"; };
		B3C3AE5416F88A000046170D /* ViewController.h */ = {isa = PBXFileReference; lastKnownFileType = sourcecode.c.h; path = ViewController.h; sourceTree = "<group>"; };
		B3C3AE5516F88A000046170D /* ViewController.m */ = {isa = PBXFileReference; lastKnownFileType = sourcecode.c.objc; path = ViewController.m; sourceTree = "<group>"; };
		B3C3AE5816F88A000046170D /* en */ = {isa = PBXFileReference; lastKnownFileType = file.xib; name = en; path = en.lproj/ViewController.xib; sourceTree = "<group>"; };
/* End PBXFileReference section */

/* Begin PBXFrameworksBuildPhase section */
		B3C3AE3616F88A000046170D /* Frameworks */ = {
			isa = PBXFrameworksBuildPhase;
			buildActionMask = 2147483647;
			files = (
				B3C3AE3D16F88A000046170D /* UIKit.framework in Frameworks */,
				B3C3AE3F16F88A000046170D /* Foundation.framework in Frameworks */,
				B3C3AE4116F88A000046170D /* CoreGraphics.framework in Frameworks */,
			);
			runOnlyForDeploymentPostprocessing = 0;
		};
/* End PBXFrameworksBuildPhase section */

/* Begin PBXGroup section */
		B3C3AE3016F88A000046170D = {
			isa = PBXGroup;
			children = (
				B3330BC717007B6700918F47 /* icon-114.png */,
				B3330BC517007B5C00918F47 /* icon-57.png */,
				B3C3AE4216F88A000046170D /* PushTest */,
				B3C3AE3B16F88A000046170D /* Frameworks */,
				B3C3AE3A16F88A000046170D /* Products */,
			);
			sourceTree = "<group>";
		};
		B3C3AE3A16F88A000046170D /* Products */ = {
			isa = PBXGroup;
			children = (
				B3C3AE3916F88A000046170D /* PushTest.app */,
			);
			name = Products;
			sourceTree = "<group>";
		};
		B3C3AE3B16F88A000046170D /* Frameworks */ = {
			isa = PBXGroup;
			children = (
				B3C3AE3C16F88A000046170D /* UIKit.framework */,
				B3C3AE3E16F88A000046170D /* Foundation.framework */,
				B3C3AE4016F88A000046170D /* CoreGraphics.framework */,
			);
			name = Frameworks;
			sourceTree = "<group>";
		};
		B3C3AE4216F88A000046170D /* PushTest */ = {
			isa = PBXGroup;
			children = (
				B3C3AE4B16F88A000046170D /* AppDelegate.h */,
				B3C3AE4C16F88A000046170D /* AppDelegate.m */,
				B3C3AE5416F88A000046170D /* ViewController.h */,
				B3C3AE5516F88A000046170D /* ViewController.m */,
				B3C3AE5716F88A000046170D /* ViewController.xib */,
				B3C3AE4316F88A000046170D /* Supporting Files */,
			);
			path = PushTest;
			sourceTree = "<group>";
		};
		B3C3AE4316F88A000046170D /* Supporting Files */ = {
			isa = PBXGroup;
			children = (
				B3C3AE4416F88A000046170D /* PushTest-Info.plist */,
				B3C3AE4516F88A000046170D /* InfoPlist.strings */,
				B3C3AE4816F88A000046170D /* main.m */,
				B3C3AE4A16F88A000046170D /* PushTest-Prefix.pch */,
				B3C3AE4E16F88A000046170D /* Default.png */,
				B3C3AE5016F88A000046170D /* Default@2x.png */,
				B3C3AE5216F88A000046170D /* Default-568h@2x.png */,
			);
			name = "Supporting Files";
			sourceTree = "<group>";
		};
/* End PBXGroup section */

/* Begin PBXNativeTarget section */
		B3C3AE3816F88A000046170D /* PushTest */ = {
			isa = PBXNativeTarget;
			buildConfigurationList = B3C3AE5C16F88A000046170D /* Build configuration list for PBXNativeTarget "PushTest" */;
			buildPhases = (
				B3C3AE3516F88A000046170D /* Sources */,
				B3C3AE3616F88A000046170D /* Frameworks */,
				B3C3AE3716F88A000046170D /* Resources */,
			);
			buildRules = (
			);
			dependencies = (
			);
			name = PushTest;
			productName = PushTest;
			productReference = B3C3AE3916F88A000046170D /* PushTest.app */;
			productType = "com.apple.product-type.application";
		};
/* End PBXNativeTarget section */

/* Begin PBXProject section */
		B3C3AE3116F88A000046170D /* Project object */ = {
			isa = PBXProject;
			attributes = {
				LastUpgradeCheck = 0460;
				ORGANIZATIONNAME = Exadel;
			};
			buildConfigurationList = B3C3AE3416F88A000046170D /* Build configuration list for PBXProject "PushTest" */;
			compatibilityVersion = "Xcode 3.2";
			developmentRegion = English;
			hasScannedForEncodings = 0;
			knownRegions = (
				en,
			);
			mainGroup = B3C3AE3016F88A000046170D;
			productRefGroup = B3C3AE3A16F88A000046170D /* Products */;
			projectDirPath = "";
			projectRoot = "";
			targets = (
				B3C3AE3816F88A000046170D /* PushTest */,
			);
		};
/* End PBXProject section */

/* Begin PBXResourcesBuildPhase section */
		B3C3AE3716F88A000046170D /* Resources */ = {
			isa = PBXResourcesBuildPhase;
			buildActionMask = 2147483647;
			files = (
				B3C3AE4716F88A000046170D /* InfoPlist.strings in Resources */,
				B3C3AE4F16F88A000046170D /* Default.png in Resources */,
				B3C3AE5116F88A000046170D /* Default@2x.png in Resources */,
				B3C3AE5316F88A000046170D /* Default-568h@2x.png in Resources */,
				B3C3AE5916F88A000046170D /* ViewController.xib in Resources */,
				B3330BC617007B5C00918F47 /* icon-57.png in Resources */,
				B3330BC817007B6700918F47 /* icon-114.png in Resources */,
			);
			runOnlyForDeploymentPostprocessing = 0;
		};
/* End PBXResourcesBuildPhase section */

/* Begin PBXSourcesBuildPhase section */
		B3C3AE3516F88A000046170D /* Sources */ = {
			isa = PBXSourcesBuildPhase;
			buildActionMask = 2147483647;
			files = (
				B3C3AE4916F88A000046170D /* main.m in Sources */,
				B3C3AE4D16F88A000046170D /* AppDelegate.m in Sources */,
				B3C3AE5616F88A000046170D /* ViewController.m in Sources */,
			);
			runOnlyForDeploymentPostprocessing = 0;
		};
/* End PBXSourcesBuildPhase section */

/* Begin PBXVariantGroup section */
		B3C3AE4516F88A000046170D /* InfoPlist.strings */ = {
			isa = PBXVariantGroup;
			children = (
				B3C3AE4616F88A000046170D /* en */,
			);
			name = InfoPlist.strings;
			sourceTree = "<group>";
		};
		B3C3AE5716F88A000046170D /* ViewController.xib */ = {
			isa = PBXVariantGroup;
			children = (
				B3C3AE5816F88A000046170D /* en */,
			);
			name = ViewController.xib;
			sourceTree = "<group>";
		};
/* End PBXVariantGroup section */

/* Begin XCBuildConfiguration section */
		B3C3AE5A16F88A000046170D /* Debug */ = {
			isa = XCBuildConfiguration;
			buildSettings = {
				ALWAYS_SEARCH_USER_PATHS = NO;
				CLANG_CXX_LANGUAGE_STANDARD = "gnu++0x";
				CLANG_CXX_LIBRARY = "libc++";
				CLANG_ENABLE_OBJC_ARC = YES;
				CLANG_WARN_CONSTANT_CONVERSION = YES;
				CLANG_WARN_EMPTY_BODY = YES;
				CLANG_WARN_ENUM_CONVERSION = YES;
				CLANG_WARN_INT_CONVERSION = YES;
				CLANG_WARN__DUPLICATE_METHOD_MATCH = YES;
				"CODE_SIGN_IDENTITY[sdk=iphoneos*]" = "iPhone Developer";
				COPY_PHASE_STRIP = NO;
				GCC_C_LANGUAGE_STANDARD = gnu99;
				GCC_DYNAMIC_NO_PIC = NO;
				GCC_OPTIMIZATION_LEVEL = 0;
				GCC_PREPROCESSOR_DEFINITIONS = (
					"DEBUG=1",
					"$(inherited)",
				);
				GCC_SYMBOLS_PRIVATE_EXTERN = NO;
				GCC_WARN_ABOUT_RETURN_TYPE = YES;
				GCC_WARN_UNINITIALIZED_AUTOS = YES;
				GCC_WARN_UNUSED_VARIABLE = YES;
				IPHONEOS_DEPLOYMENT_TARGET = 6.1;
				ONLY_ACTIVE_ARCH = YES;
				SDKROOT = iphoneos;
			};
			name = Debug;
		};
		B3C3AE5B16F88A000046170D /* Release */ = {
			isa = XCBuildConfiguration;
			buildSettings = {
				ALWAYS_SEARCH_USER_PATHS = NO;
				CLANG_CXX_LANGUAGE_STANDARD = "gnu++0x";
				CLANG_CXX_LIBRARY = "libc++";
				CLANG_ENABLE_OBJC_ARC = YES;
				CLANG_WARN_CONSTANT_CONVERSION = YES;
				CLANG_WARN_EMPTY_BODY = YES;
				CLANG_WARN_ENUM_CONVERSION = YES;
				CLANG_WARN_INT_CONVERSION = YES;
				CLANG_WARN__DUPLICATE_METHOD_MATCH = YES;
				"CODE_SIGN_IDENTITY[sdk=iphoneos*]" = "iPhone Developer";
				COPY_PHASE_STRIP = YES;
				GCC_C_LANGUAGE_STANDARD = gnu99;
				GCC_WARN_ABOUT_RETURN_TYPE = YES;
				GCC_WARN_UNINITIALIZED_AUTOS = YES;
				GCC_WARN_UNUSED_VARIABLE = YES;
				IPHONEOS_DEPLOYMENT_TARGET = 6.1;
				OTHER_CFLAGS = "-DNS_BLOCK_ASSERTIONS=1";
				SDKROOT = iphoneos;
				VALIDATE_PRODUCT = YES;
			};
			name = Release;
		};
		B3C3AE5D16F88A000046170D /* Debug */ = {
			isa = XCBuildConfiguration;
			buildSettings = {
				GCC_PRECOMPILE_PREFIX_HEADER = YES;
				GCC_PREFIX_HEADER = "PushTest/PushTest-Prefix.pch";
				INFOPLIST_FILE = "PushTest/PushTest-Info.plist";
				IPHONEOS_DEPLOYMENT_TARGET = 4.3;
				PRODUCT_NAME = "$(TARGET_NAME)";
				WRAPPER_EXTENSION = app;
			};
			name = Debug;
		};
		B3C3AE5E16F88A000046170D /* Release */ = {
			isa = XCBuildConfiguration;
			buildSettings = {
				CODE_SIGN_IDENTITY = "iPhone Distribution";
				"CODE_SIGN_IDENTITY[sdk=iphoneos*]" = "iPhone Developer";
				GCC_PRECOMPILE_PREFIX_HEADER = YES;
				GCC_PREFIX_HEADER = "PushTest/PushTest-Prefix.pch";
				INFOPLIST_FILE = "PushTest/PushTest-Info.plist";
				IPHONEOS_DEPLOYMENT_TARGET = 4.3;
				PRODUCT_NAME = "$(TARGET_NAME)";
				PROVISIONING_PROFILE = "";
				"PROVISIONING_PROFILE[sdk=iphoneos*]" = "";
				WRAPPER_EXTENSION = app;
			};
			name = Release;
		};
/* End XCBuildConfiguration section */

/* Begin XCConfigurationList section */
		B3C3AE3416F88A000046170D /* Build configuration list for PBXProject "PushTest" */ = {
			isa = XCConfigurationList;
			buildConfigurations = (
				B3C3AE5A16F88A000046170D /* Debug */,
				B3C3AE5B16F88A000046170D /* Release */,
			);
			defaultConfigurationIsVisible = 0;
			defaultConfigurationName = Release;
		};
		B3C3AE5C16F88A000046170D /* Build configuration list for PBXNativeTarget "PushTest" */ = {
			isa = XCConfigurationList;
			buildConfigurations = (
				B3C3AE5D16F88A000046170D /* Debug */,
				B3C3AE5E16F88A000046170D /* Release */,
			);
			defaultConfigurationIsVisible = 0;
			defaultConfigurationName = Release;
		};
/* End XCConfigurationList section */
	};
	rootObject = B3C3AE3116F88A000046170D /* Project object */;
}
